
Microsoft Visual Studio Solution File, Format Version 12.00
# Visual Studio Version 17
VisualStudioVersion = 17.0.31912.275
MinimumVisualStudioVersion = 10.0.40219.1
Project("{FAE04EC0-301F-11D3-BF4B-00C04F79EFBC}") = "DockerMySql2", "DockerMySql2.csproj", "{364C9FA7-5A94-477D-B89E-15F2C6686310}"
EndProject
Global
	GlobalSection(SolutionConfigurationPlatforms) = preSolution
		Debug|Any CPU = Debug|Any CPU
		Release|Any CPU = Release|Any CPU
	EndGlobalSection
	GlobalSection(ProjectConfigurationPlatforms) = postSolution
		{364C9FA7-5A94-477D-B89E-15F2C6686310}.Debug|Any CPU.ActiveCfg = Debug|Any CPU
		{364C9FA7-5A94-477D-B89E-15F2C6686310}.Debug|Any CPU.Build.0 = Debug|Any CPU
		{364C9FA7-5A94-477D-B89E-15F2C6686310}.Release|Any CPU.ActiveCfg = Release|Any CPU
		{364C9FA7-5A94-477D-B89E-15F2C6686310}.Release|Any CPU.Build.0 = Release|Any CPU
	EndGlobalSection
	GlobalSection(SolutionProperties) = preSolution
		HideSolutionNode = FALSE
	EndGlobalSection
	GlobalSection(ExtensibilityGlobals) = postSolution
		SolutionGuid = {FB093D92-93C3-4565-B416-4665BE83346F}
	EndGlobalSection
EndGlobal
